
Microsoft Visual Studio Solution File, Format Version 12.00
# Visual Studio Version 16
VisualStudioVersion = 16.0.30225.117
MinimumVisualStudioVersion = 10.0.40219.1
Project("{FAE04EC0-301F-11D3-BF4B-00C04F79EFBC}") = "XamarinUwpClearButtonVisibilityIssue.UWP", "XamarinUwpClearButtonVisibilityIssue\XamarinUwpClearButtonVisibilityIssue.UWP\XamarinUwpClearButtonVisibilityIssue.UWP.csproj", "{17FAE5DE-1338-49A8-AE3A-4C3176F18264}"
EndProject
Project("{FAE04EC0-301F-11D3-BF4B-00C04F79EFBC}") = "XamarinUwpClearButtonVisibilityIssue", "XamarinUwpClearButtonVisibilityIssue\XamarinUwpClearButtonVisibilityIssue\XamarinUwpClearButtonVisibilityIssue.csproj", "{46F8180A-31D4-48A8-9325-B574502E1C94}"
EndProject
Global
	GlobalSection(SolutionConfigurationPlatforms) = preSolution
		Debug|Any CPU = Debug|Any CPU
		Debug|ARM = Debug|ARM
		Debug|x64 = Debug|x64
		Debug|x86 = Debug|x86
		Release|Any CPU = Release|Any CPU
		Release|ARM = Release|ARM
		Release|x64 = Release|x64
		Release|x86 = Release|x86
	EndGlobalSection
	GlobalSection(ProjectConfigurationPlatforms) = postSolution
		{17FAE5DE-1338-49A8-AE3A-4C3176F18264}.Debug|Any CPU.ActiveCfg = Debug|x86
		{17FAE5DE-1338-49A8-AE3A-4C3176F18264}.Debug|Any CPU.Build.0 = Debug|x86
		{17FAE5DE-1338-49A8-AE3A-4C3176F18264}.Debug|Any CPU.Deploy.0 = Debug|x86
		{17FAE5DE-1338-49A8-AE3A-4C3176F18264}.Debug|ARM.ActiveCfg = Debug|ARM
		{17FAE5DE-1338-49A8-AE3A-4C3176F18264}.Debug|ARM.Build.0 = Debug|ARM
		{17FAE5DE-1338-49A8-AE3A-4C3176F18264}.Debug|ARM.Deploy.0 = Debug|ARM
		{17FAE5DE-1338-49A8-AE3A-4C3176F18264}.Debug|x64.ActiveCfg = Debug|x64
		{17FAE5DE-1338-49A8-AE3A-4C3176F18264}.Debug|x64.Build.0 = Debug|x64
		{17FAE5DE-1338-49A8-AE3A-4C3176F18264}.Debug|x64.Deploy.0 = Debug|x64
		{17FAE5DE-1338-49A8-AE3A-4C3176F18264}.Debug|x86.ActiveCfg = Debug|x86
		{17FAE5DE-1338-49A8-AE3A-4C3176F18264}.Debug|x86.Build.0 = Debug|x86
		{17FAE5DE-1338-49A8-AE3A-4C3176F18264}.Debug|x86.Deploy.0 = Debug|x86
		{17FAE5DE-1338-49A8-AE3A-4C3176F18264}.Release|Any CPU.ActiveCfg = Release|x86
		{17FAE5DE-1338-49A8-AE3A-4C3176F18264}.Release|Any CPU.Build.0 = Release|x86
		{17FAE5DE-1338-49A8-AE3A-4C3176F18264}.Release|Any CPU.Deploy.0 = Release|x86
		{17FAE5DE-1338-49A8-AE3A-4C3176F18264}.Release|ARM.ActiveCfg = Release|ARM
		{17FAE5DE-1338-49A8-AE3A-4C3176F18264}.Release|ARM.Build.0 = Release|ARM
		{17FAE5DE-1338-49A8-AE3A-4C3176F18264}.Release|ARM.Deploy.0 = Release|ARM
		{17FAE5DE-1338-49A8-AE3A-4C3176F18264}.Release|x64.ActiveCfg = Release|x64
		{17FAE5DE-1338-49A8-AE3A-4C3176F18264}.Release|x64.Build.0 = Release|x64
		{17FAE5DE-1338-49A8-AE3A-4C3176F18264}.Release|x64.Deploy.0 = Release|x64
		{17FAE5DE-1338-49A8-AE3A-4C3176F18264}.Release|x86.ActiveCfg = Release|x86
		{17FAE5DE-1338-49A8-AE3A-4C3176F18264}.Release|x86.Build.0 = Release|x86
		{17FAE5DE-1338-49A8-AE3A-4C3176F18264}.Release|x86.Deploy.0 = Release|x86
		{46F8180A-31D4-48A8-9325-B574502E1C94}.Debug|Any CPU.ActiveCfg = Debug|Any CPU
		{46F8180A-31D4-48A8-9325-B574502E1C94}.Debug|Any CPU.Build.0 = Debug|Any CPU
		{46F8180A-31D4-48A8-9325-B574502E1C94}.Debug|Any CPU.Deploy.0 = Debug|Any CPU
		{46F8180A-31D4-48A8-9325-B574502E1C94}.Debug|ARM.ActiveCfg = Debug|Any CPU
		{46F8180A-31D4-48A8-9325-B574502E1C94}.Debug|ARM.Build.0 = Debug|Any CPU
		{46F8180A-31D4-48A8-9325-B574502E1C94}.Debug|ARM.Deploy.0 = Debug|Any CPU
		{46F8180A-31D4-48A8-9325-B574502E1C94}.Debug|x64.ActiveCfg = Debug|Any CPU
		{46F8180A-31D4-48A8-9325-B574502E1C94}.Debug|x64.Build.0 = Debug|Any CPU
		{46F8180A-31D4-48A8-9325-B574502E1C94}.Debug|x64.Deploy.0 = Debug|Any CPU
		{46F8180A-31D4-48A8-9325-B574502E1C94}.Debug|x86.ActiveCfg = Debug|Any CPU
		{46F8180A-31D4-48A8-9325-B574502E1C94}.Debug|x86.Build.0 = Debug|Any CPU
		{46F8180A-31D4-48A8-9325-B574502E1C94}.Debug|x86.Deploy.0 = Debug|Any CPU
		{46F8180A-31D4-48A8-9325-B574502E1C94}.Release|Any CPU.ActiveCfg = Release|Any CPU
		{46F8180A-31D4-48A8-9325-B574502E1C94}.Release|Any CPU.Build.0 = Release|Any CPU
		{46F8180A-31D4-48A8-9325-B574502E1C94}.Release|Any CPU.Deploy.0 = Release|Any CPU
		{46F8180A-31D4-48A8-9325-B574502E1C94}.Release|ARM.ActiveCfg = Release|Any CPU
		{46F8180A-31D4-48A8-9325-B574502E1C94}.Release|ARM.Build.0 = Release|Any CPU
		{46F8180A-31D4-48A8-9325-B574502E1C94}.Release|ARM.Deploy.0 = Release|Any CPU
		{46F8180A-31D4-48A8-9325-B574502E1C94}.Release|x64.ActiveCfg = Release|Any CPU
		{46F8180A-31D4-48A8-9325-B574502E1C94}.Release|x64.Build.0 = Release|Any CPU
		{46F8180A-31D4-48A8-9325-B574502E1C94}.Release|x64.Deploy.0 = Release|Any CPU
		{46F8180A-31D4-48A8-9325-B574502E1C94}.Release|x86.ActiveCfg = Release|Any CPU
		{46F8180A-31D4-48A8-9325-B574502E1C94}.Release|x86.Build.0 = Release|Any CPU
		{46F8180A-31D4-48A8-9325-B574502E1C94}.Release|x86.Deploy.0 = Release|Any CPU
	EndGlobalSection
	GlobalSection(SolutionProperties) = preSolution
		HideSolutionNode = FALSE
	EndGlobalSection
	GlobalSection(ExtensibilityGlobals) = postSolution
		SolutionGuid = {C177ECFE-ABE5-4269-A0FE-327981997226}
	EndGlobalSection
EndGlobal
